
Microsoft Visual Studio Solution File, Format Version 10.00
# Visual C# Express 2008
Project("{FAE04EC0-301F-11D3-BF4B-00C04F79EFBC}") = "Crawler", "Crawler\Crawler.csproj", "{C1660E19-0DDE-4385-ADD4-F841BFBF94BC}"
EndProject
Project("{FAE04EC0-301F-11D3-BF4B-00C04F79EFBC}") = "GameLib", "Engine\GameLib.csproj", "{C8003FF4-E19C-47AE-8443-FCE15CC2378C}"
EndProject
Project("{FAE04EC0-301F-11D3-BF4B-00C04F79EFBC}") = "MakTex", "CrTexture\MakTex.csproj", "{62DBDF52-26A9-455C-94E5-8A5FDC1B6780}"
EndProject
Project("{FAE04EC0-301F-11D3-BF4B-00C04F79EFBC}") = "FMOD", "..\..\Visual Studio 2008\Projects\NewTest - Copy (2)\FMOD\FMOD.csproj", "{767C12E8-1590-4525-8938-646B02F3D671}"
EndProject
Global
	GlobalSection(SolutionConfigurationPlatforms) = preSolution
		Debug|Any CPU = Debug|Any CPU
		Release|Any CPU = Release|Any CPU
	EndGlobalSection
	GlobalSection(ProjectConfigurationPlatforms) = postSolution
		{C1660E19-0DDE-4385-ADD4-F841BFBF94BC}.Debug|Any CPU.ActiveCfg = Debug|Any CPU
		{C1660E19-0DDE-4385-ADD4-F841BFBF94BC}.Debug|Any CPU.Build.0 = Debug|Any CPU
		{C1660E19-0DDE-4385-ADD4-F841BFBF94BC}.Release|Any CPU.ActiveCfg = Release|Any CPU
		{C1660E19-0DDE-4385-ADD4-F841BFBF94BC}.Release|Any CPU.Build.0 = Release|Any CPU
		{C8003FF4-E19C-47AE-8443-FCE15CC2378C}.Debug|Any CPU.ActiveCfg = Debug|Any CPU
		{C8003FF4-E19C-47AE-8443-FCE15CC2378C}.Debug|Any CPU.Build.0 = Debug|Any CPU
		{C8003FF4-E19C-47AE-8443-FCE15CC2378C}.Release|Any CPU.ActiveCfg = Release|Any CPU
		{C8003FF4-E19C-47AE-8443-FCE15CC2378C}.Release|Any CPU.Build.0 = Release|Any CPU
		{62DBDF52-26A9-455C-94E5-8A5FDC1B6780}.Debug|Any CPU.ActiveCfg = Debug|Any CPU
		{62DBDF52-26A9-455C-94E5-8A5FDC1B6780}.Debug|Any CPU.Build.0 = Debug|Any CPU
		{62DBDF52-26A9-455C-94E5-8A5FDC1B6780}.Release|Any CPU.ActiveCfg = Release|Any CPU
		{62DBDF52-26A9-455C-94E5-8A5FDC1B6780}.Release|Any CPU.Build.0 = Release|Any CPU
		{767C12E8-1590-4525-8938-646B02F3D671}.Debug|Any CPU.ActiveCfg = Debug|Any CPU
		{767C12E8-1590-4525-8938-646B02F3D671}.Debug|Any CPU.Build.0 = Debug|Any CPU
		{767C12E8-1590-4525-8938-646B02F3D671}.Release|Any CPU.ActiveCfg = Release|Any CPU
		{767C12E8-1590-4525-8938-646B02F3D671}.Release|Any CPU.Build.0 = Release|Any CPU
	EndGlobalSection
	GlobalSection(SolutionProperties) = preSolution
		HideSolutionNode = FALSE
	EndGlobalSection
EndGlobal
